
Microsoft Visual Studio Solution File, Format Version 12.00
# Visual Studio Version 17
VisualStudioVersion = 17.10.34814.14
MinimumVisualStudioVersion = 10.0.40219.1
Project("{FAE04EC0-301F-11D3-BF4B-00C04F79EFBC}") = "FunctionAppProcessVotacao", "FunctionAppProcessVotacao.csproj", "{F3DAC755-88E1-4C69-9C5A-A6B79ACBF692}"
EndProject
Global
	GlobalSection(SolutionConfigurationPlatforms) = preSolution
		Debug|Any CPU = Debug|Any CPU
		Release|Any CPU = Release|Any CPU
	EndGlobalSection
	GlobalSection(ProjectConfigurationPlatforms) = postSolution
		{F3DAC755-88E1-4C69-9C5A-A6B79ACBF692}.Debug|Any CPU.ActiveCfg = Debug|Any CPU
		{F3DAC755-88E1-4C69-9C5A-A6B79ACBF692}.Debug|Any CPU.Build.0 = Debug|Any CPU
		{F3DAC755-88E1-4C69-9C5A-A6B79ACBF692}.Release|Any CPU.ActiveCfg = Release|Any CPU
		{F3DAC755-88E1-4C69-9C5A-A6B79ACBF692}.Release|Any CPU.Build.0 = Release|Any CPU
	EndGlobalSection
	GlobalSection(SolutionProperties) = preSolution
		HideSolutionNode = FALSE
	EndGlobalSection
	GlobalSection(ExtensibilityGlobals) = postSolution
		SolutionGuid = {2CF7ABD3-5BFB-4A60-B538-E60CC256E997}
	EndGlobalSection
EndGlobal
